
Microsoft Visual Studio Solution File, Format Version 12.00
# Visual Studio Version 16
VisualStudioVersion = 16.0.31321.278
MinimumVisualStudioVersion = 10.0.40219.1
Project("{FAE04EC0-301F-11D3-BF4B-00C04F79EFBC}") = "ConnectionTester", "ConnectionTester\ConnectionTester.csproj", "{0EC311AB-BF93-4D34-B900-FDF323F8B3FC}"
EndProject
Global
	GlobalSection(SolutionConfigurationPlatforms) = preSolution
		Debug|Any CPU = Debug|Any CPU
		Release|Any CPU = Release|Any CPU
	EndGlobalSection
	GlobalSection(ProjectConfigurationPlatforms) = postSolution
		{0EC311AB-BF93-4D34-B900-FDF323F8B3FC}.Debug|Any CPU.ActiveCfg = Debug|Any CPU
		{0EC311AB-BF93-4D34-B900-FDF323F8B3FC}.Debug|Any CPU.Build.0 = Debug|Any CPU
		{0EC311AB-BF93-4D34-B900-FDF323F8B3FC}.Release|Any CPU.ActiveCfg = Release|Any CPU
		{0EC311AB-BF93-4D34-B900-FDF323F8B3FC}.Release|Any CPU.Build.0 = Release|Any CPU
	EndGlobalSection
	GlobalSection(SolutionProperties) = preSolution
		HideSolutionNode = FALSE
	EndGlobalSection
	GlobalSection(ExtensibilityGlobals) = postSolution
		SolutionGuid = {8AB4D548-27FB-4BDF-9B3E-7F6BE924EA3B}
	EndGlobalSection
EndGlobal
